
Microsoft Visual Studio Solution File, Format Version 12.00
# Visual Studio 15
VisualStudioVersion = 15.0.28010.2026
MinimumVisualStudioVersion = 10.0.40219.1
Project("{8BC9CEB8-8B4A-11D0-8D11-00A0C91BC942}") = "2_2_test", "2_2_test\2_2_test.vcxproj", "{F5403525-194D-4C9F-8D18-6167AFDB246E}"
EndProject
Global
	GlobalSection(SolutionConfigurationPlatforms) = preSolution
		Debug|x64 = Debug|x64
		Debug|x86 = Debug|x86
		Release|x64 = Release|x64
		Release|x86 = Release|x86
	EndGlobalSection
	GlobalSection(ProjectConfigurationPlatforms) = postSolution
		{F5403525-194D-4C9F-8D18-6167AFDB246E}.Debug|x64.ActiveCfg = Debug|x64
		{F5403525-194D-4C9F-8D18-6167AFDB246E}.Debug|x64.Build.0 = Debug|x64
		{F5403525-194D-4C9F-8D18-6167AFDB246E}.Debug|x86.ActiveCfg = Debug|Win32
		{F5403525-194D-4C9F-8D18-6167AFDB246E}.Debug|x86.Build.0 = Debug|Win32
		{F5403525-194D-4C9F-8D18-6167AFDB246E}.Release|x64.ActiveCfg = Release|x64
		{F5403525-194D-4C9F-8D18-6167AFDB246E}.Release|x64.Build.0 = Release|x64
		{F5403525-194D-4C9F-8D18-6167AFDB246E}.Release|x86.ActiveCfg = Release|Win32
		{F5403525-194D-4C9F-8D18-6167AFDB246E}.Release|x86.Build.0 = Release|Win32
	EndGlobalSection
	GlobalSection(SolutionProperties) = preSolution
		HideSolutionNode = FALSE
	EndGlobalSection
	GlobalSection(ExtensibilityGlobals) = postSolution
		SolutionGuid = {64B65AF2-C081-422D-A70E-8B496E2D253F}
	EndGlobalSection
EndGlobal
